// !$*UTF8*$!
{
	archiveVersion = 1;
	classes = {
	};
	objectVersion = 46;
	objects = {

/* Begin PBXAggregateTarget section */
		E99AB59114C5BC8700F08070 /* build all */ = {
			isa = PBXAggregateTarget;
			buildConfigurationList = E99AB59214C5BC8700F08070 /* Build configuration list for PBXAggregateTarget "build all" */;
			buildPhases = (
			);
			dependencies = (
				E99AB5BA14C5C4F300F08070 /* PBXTargetDependency */,
				E99AB5BC14C5C4F300F08070 /* PBXTargetDependency */,
			);
			name = "build all";
			productName = "build all";
		};
/* End PBXAggregateTarget section */

/* Begin PBXBuildFile section */
		E99AB55F14C5B8C600F08070 /* ErrorCode.h in Headers */ = {isa = PBXBuildFile; fileRef = E99AB54F14C5B8C600F08070 /* ErrorCode.h */; };
		E99AB56014C5B8C600F08070 /* PeerStates.h in Headers */ = {isa = PBXBuildFile; fileRef = E99AB55014C5B8C600F08070 /* PeerStates.h */; };
		E99AB56114C5B8C600F08070 /* EventCode.h in Headers */ = {isa = PBXBuildFile; fileRef = E99AB55314C5B8C600F08070 /* EventCode.h */; };
		E99AB56214C5B8C600F08070 /* JoinType.h in Headers */ = {isa = PBXBuildFile; fileRef = E99AB55414C5B8C600F08070 /* JoinType.h */; };
		E99AB56314C5B8C600F08070 /* OperationCode.h in Headers */ = {isa = PBXBuildFile; fileRef = E99AB55514C5B8C600F08070 /* OperationCode.h */; };
		E99AB56414C5B8C600F08070 /* ParameterCode.h in Headers */ = {isa = PBXBuildFile; fileRef = E99AB55614C5B8C600F08070 /* ParameterCode.h */; };
		E99AB56614C5B8C600F08070 /* Room.h in Headers */ = {isa = PBXBuildFile; fileRef = E99AB55914C5B8C600F08070 /* Room.h */; };
		E99AB56814C5B8C600F08070 /* LoadBalancingClient.h in Headers */ = {isa = PBXBuildFile; fileRef = E99AB55B14C5B8C600F08070 /* LoadBalancingClient.h */; };
		E99AB56914C5B8C600F08070 /* LoadBalancingListener.h in Headers */ = {isa = PBXBuildFile; fileRef = E99AB55C14C5B8C600F08070 /* LoadBalancingListener.h */; };
		E99AB56A14C5B8C600F08070 /* LoadBalancingPeer.h in Headers */ = {isa = PBXBuildFile; fileRef = E99AB55D14C5B8C600F08070 /* LoadBalancingPeer.h */; };
		E99AB56B14C5B8C600F08070 /* LoadBalancingRoom.h in Headers */ = {isa = PBXBuildFile; fileRef = E99AB55E14C5B8C600F08070 /* LoadBalancingRoom.h */; };
		E99AB57214C5B8D700F08070 /* LoadBalancingClient.cpp in Sources */ = {isa = PBXBuildFile; fileRef = E99AB56E14C5B8D700F08070 /* LoadBalancingClient.cpp */; };
		E99AB57314C5B8D700F08070 /* LoadBalancingPeer.cpp in Sources */ = {isa = PBXBuildFile; fileRef = E99AB56F14C5B8D700F08070 /* LoadBalancingPeer.cpp */; };
		E99AB57414C5B8D700F08070 /* LoadBalancingRoom.cpp in Sources */ = {isa = PBXBuildFile; fileRef = E99AB57014C5B8D700F08070 /* LoadBalancingRoom.cpp */; };
		E99AB5A814C5C40F00F08070 /* ErrorCode.h in Headers */ = {isa = PBXBuildFile; fileRef = E99AB54F14C5B8C600F08070 /* ErrorCode.h */; };
		E99AB5A914C5C40F00F08070 /* PeerStates.h in Headers */ = {isa = PBXBuildFile; fileRef = E99AB55014C5B8C600F08070 /* PeerStates.h */; };
		E99AB5AA14C5C40F00F08070 /* EventCode.h in Headers */ = {isa = PBXBuildFile; fileRef = E99AB55314C5B8C600F08070 /* EventCode.h */; };
		E99AB5AB14C5C40F00F08070 /* JoinType.h in Headers */ = {isa = PBXBuildFile; fileRef = E99AB55414C5B8C600F08070 /* JoinType.h */; };
		E99AB5AC14C5C40F00F08070 /* OperationCode.h in Headers */ = {isa = PBXBuildFile; fileRef = E99AB55514C5B8C600F08070 /* OperationCode.h */; };
		E99AB5AD14C5C40F00F08070 /* ParameterCode.h in Headers */ = {isa = PBXBuildFile; fileRef = E99AB55614C5B8C600F08070 /* ParameterCode.h */; };
		E99AB5AF14C5C40F00F08070 /* Room.h in Headers */ = {isa = PBXBuildFile; fileRef = E99AB55914C5B8C600F08070 /* Room.h */; };
		E99AB5B114C5C40F00F08070 /* LoadBalancingClient.h in Headers */ = {isa = PBXBuildFile; fileRef = E99AB55B14C5B8C600F08070 /* LoadBalancingClient.h */; };
		E99AB5B214C5C40F00F08070 /* LoadBalancingListener.h in Headers */ = {isa = PBXBuildFile; fileRef = E99AB55C14C5B8C600F08070 /* LoadBalancingListener.h */; };
		E99AB5B314C5C40F00F08070 /* LoadBalancingPeer.h in Headers */ = {isa = PBXBuildFile; fileRef = E99AB55D14C5B8C600F08070 /* LoadBalancingPeer.h */; };
		E99AB5B414C5C40F00F08070 /* LoadBalancingRoom.h in Headers */ = {isa = PBXBuildFile; fileRef = E99AB55E14C5B8C600F08070 /* LoadBalancingRoom.h */; };
		E99AB5B614C5C41A00F08070 /* LoadBalancingClient.cpp in Sources */ = {isa = PBXBuildFile; fileRef = E99AB56E14C5B8D700F08070 /* LoadBalancingClient.cpp */; };
		E99AB5B714C5C41A00F08070 /* LoadBalancingPeer.cpp in Sources */ = {isa = PBXBuildFile; fileRef = E99AB56F14C5B8D700F08070 /* LoadBalancingPeer.cpp */; };
		E99AB5B814C5C41A00F08070 /* LoadBalancingRoom.cpp in Sources */ = {isa = PBXBuildFile; fileRef = E99AB57014C5B8D700F08070 /* LoadBalancingRoom.cpp */; };
		E9BFC3E514D16F9300427507 /* LoadBalancingPlayer.cpp in Sources */ = {isa = PBXBuildFile; fileRef = E9BFC3E414D16F9300427507 /* LoadBalancingPlayer.cpp */; };
		E9BFC3E714D16FA300427507 /* LoadBalancingPlayer.h in Headers */ = {isa = PBXBuildFile; fileRef = E9BFC3E614D16FA300427507 /* LoadBalancingPlayer.h */; };
		E9BFC3E914D16FBC00427507 /* Player.h in Headers */ = {isa = PBXBuildFile; fileRef = E9BFC3E814D16FBC00427507 /* Player.h */; };
		E9BFC47B14D1749600427507 /* LoadBalancingPlayer.cpp in Sources */ = {isa = PBXBuildFile; fileRef = E9BFC3E414D16F9300427507 /* LoadBalancingPlayer.cpp */; };
/* End PBXBuildFile section */

/* Begin PBXContainerItemProxy section */
		E99AB5B914C5C4F300F08070 /* PBXContainerItemProxy */ = {
			isa = PBXContainerItemProxy;
			containerPortal = E99AB53414C5B84300F08070 /* Project object */;
			proxyType = 1;
			remoteGlobalIDString = E99AB53C14C5B84300F08070;
			remoteInfo = "LoadBalancing-cpp-iphone";
		};
		E99AB5BB14C5C4F300F08070 /* PBXContainerItemProxy */ = {
			isa = PBXContainerItemProxy;
			containerPortal = E99AB53414C5B84300F08070 /* Project object */;
			proxyType = 1;
			remoteGlobalIDString = E99AB57814C5B90900F08070;
			remoteInfo = "LoadBalancing-cpp-macos";
		};
/* End PBXContainerItemProxy section */

/* Begin PBXFileReference section */
		E99AB53D14C5B84300F08070 /* libLoadBalancing-cpp_debug_iphoneos.a */ = {isa = PBXFileReference; explicitFileType = archive.ar; includeInIndex = 0; path = "libLoadBalancing-cpp_debug_iphoneos.a"; sourceTree = BUILT_PRODUCTS_DIR; };
		E99AB54F14C5B8C600F08070 /* ErrorCode.h */ = {isa = PBXFileReference; fileEncoding = 4; lastKnownFileType = sourcecode.c.h; path = ErrorCode.h; sourceTree = "<group>"; };
		E99AB55014C5B8C600F08070 /* PeerStates.h */ = {isa = PBXFileReference; fileEncoding = 4; lastKnownFileType = sourcecode.c.h; path = PeerStates.h; sourceTree = "<group>"; };
		E99AB55314C5B8C600F08070 /* EventCode.h */ = {isa = PBXFileReference; fileEncoding = 4; lastKnownFileType = sourcecode.c.h; path = EventCode.h; sourceTree = "<group>"; };
		E99AB55414C5B8C600F08070 /* JoinType.h */ = {isa = PBXFileReference; fileEncoding = 4; lastKnownFileType = sourcecode.c.h; path = JoinType.h; sourceTree = "<group>"; };
		E99AB55514C5B8C600F08070 /* OperationCode.h */ = {isa = PBXFileReference; fileEncoding = 4; lastKnownFileType = sourcecode.c.h; path = OperationCode.h; sourceTree = "<group>"; };
		E99AB55614C5B8C600F08070 /* ParameterCode.h */ = {isa = PBXFileReference; fileEncoding = 4; lastKnownFileType = sourcecode.c.h; path = ParameterCode.h; sourceTree = "<group>"; };
		E99AB55914C5B8C600F08070 /* Room.h */ = {isa = PBXFileReference; fileEncoding = 4; lastKnownFileType = sourcecode.c.h; path = Room.h; sourceTree = "<group>"; };
		E99AB55B14C5B8C600F08070 /* LoadBalancingClient.h */ = {isa = PBXFileReference; fileEncoding = 4; lastKnownFileType = sourcecode.c.h; path = LoadBalancingClient.h; sourceTree = "<group>"; };
		E99AB55C14C5B8C600F08070 /* LoadBalancingListener.h */ = {isa = PBXFileReference; fileEncoding = 4; lastKnownFileType = sourcecode.c.h; path = LoadBalancingListener.h; sourceTree = "<group>"; };
		E99AB55D14C5B8C600F08070 /* LoadBalancingPeer.h */ = {isa = PBXFileReference; fileEncoding = 4; lastKnownFileType = sourcecode.c.h; path = LoadBalancingPeer.h; sourceTree = "<group>"; };
		E99AB55E14C5B8C600F08070 /* LoadBalancingRoom.h */ = {isa = PBXFileReference; fileEncoding = 4; lastKnownFileType = sourcecode.c.h; path = LoadBalancingRoom.h; sourceTree = "<group>"; };
		E99AB56E14C5B8D700F08070 /* LoadBalancingClient.cpp */ = {isa = PBXFileReference; fileEncoding = 4; lastKnownFileType = sourcecode.cpp.cpp; path = LoadBalancingClient.cpp; sourceTree = "<group>"; wrapsLines = 0; };
		E99AB56F14C5B8D700F08070 /* LoadBalancingPeer.cpp */ = {isa = PBXFileReference; fileEncoding = 4; lastKnownFileType = sourcecode.cpp.cpp; path = LoadBalancingPeer.cpp; sourceTree = "<group>"; };
		E99AB57014C5B8D700F08070 /* LoadBalancingRoom.cpp */ = {isa = PBXFileReference; fileEncoding = 4; lastKnownFileType = sourcecode.cpp.cpp; path = LoadBalancingRoom.cpp; sourceTree = "<group>"; };
		E99AB57914C5B90900F08070 /* libLoadBalancing-cpp_debug_macosx.a */ = {isa = PBXFileReference; explicitFileType = archive.ar; includeInIndex = 0; path = "libLoadBalancing-cpp_debug_macosx.a"; sourceTree = BUILT_PRODUCTS_DIR; };
		E9BFC3E414D16F9300427507 /* LoadBalancingPlayer.cpp */ = {isa = PBXFileReference; fileEncoding = 4; lastKnownFileType = sourcecode.cpp.cpp; path = LoadBalancingPlayer.cpp; sourceTree = "<group>"; };
		E9BFC3E614D16FA300427507 /* LoadBalancingPlayer.h */ = {isa = PBXFileReference; fileEncoding = 4; lastKnownFileType = sourcecode.c.h; path = LoadBalancingPlayer.h; sourceTree = "<group>"; };
		E9BFC3E814D16FBC00427507 /* Player.h */ = {isa = PBXFileReference; fileEncoding = 4; lastKnownFileType = sourcecode.c.h; path = Player.h; sourceTree = "<group>"; };
/* End PBXFileReference section */

/* Begin PBXFrameworksBuildPhase section */
		E99AB53A14C5B84300F08070 /* Frameworks */ = {
			isa = PBXFrameworksBuildPhase;
			buildActionMask = 2147483647;
			files = (
			);
			runOnlyForDeploymentPostprocessing = 0;
		};
		E99AB57614C5B90900F08070 /* Frameworks */ = {
			isa = PBXFrameworksBuildPhase;
			buildActionMask = 2147483647;
			files = (
			);
			runOnlyForDeploymentPostprocessing = 0;
		};
/* End PBXFrameworksBuildPhase section */

/* Begin PBXGroup section */
		E99AB53214C5B84300F08070 = {
			isa = PBXGroup;
			children = (
				E99AB56C14C5B8D700F08070 /* src */,
				E99AB54D14C5B8C600F08070 /* inc */,
				E99AB53E14C5B84300F08070 /* Products */,
			);
			sourceTree = "<group>";
		};
		E99AB53E14C5B84300F08070 /* Products */ = {
			isa = PBXGroup;
			children = (
				E99AB53D14C5B84300F08070 /* libLoadBalancing-cpp_debug_iphoneos.a */,
				E99AB57914C5B90900F08070 /* libLoadBalancing-cpp_debug_macosx.a */,
			);
			name = Products;
			sourceTree = "<group>";
		};
		E99AB54D14C5B8C600F08070 /* inc */ = {
			isa = PBXGroup;
			children = (
				E99AB54E14C5B8C600F08070 /* Enums */,
				E99AB55114C5B8C600F08070 /* Internal */,
				E9BFC3E614D16FA300427507 /* LoadBalancingPlayer.h */,
				E99AB55B14C5B8C600F08070 /* LoadBalancingClient.h */,
				E99AB55C14C5B8C600F08070 /* LoadBalancingListener.h */,
				E99AB55D14C5B8C600F08070 /* LoadBalancingPeer.h */,
				E99AB55E14C5B8C600F08070 /* LoadBalancingRoom.h */,
			);
			path = inc;
			sourceTree = "<group>";
		};
		E99AB54E14C5B8C600F08070 /* Enums */ = {
			isa = PBXGroup;
			children = (
				E99AB54F14C5B8C600F08070 /* ErrorCode.h */,
				E99AB55014C5B8C600F08070 /* PeerStates.h */,
			);
			path = Enums;
			sourceTree = "<group>";
		};
		E99AB55114C5B8C600F08070 /* Internal */ = {
			isa = PBXGroup;
			children = (
				E99AB55214C5B8C600F08070 /* Enums */,
			);
			path = Internal;
			sourceTree = "<group>";
		};
		E99AB55214C5B8C600F08070 /* Enums */ = {
			isa = PBXGroup;
			children = (
				E99AB55314C5B8C600F08070 /* EventCode.h */,
				E99AB55414C5B8C600F08070 /* JoinType.h */,
				E99AB55514C5B8C600F08070 /* OperationCode.h */,
				E99AB55614C5B8C600F08070 /* ParameterCode.h */,
				E99AB55714C5B8C600F08070 /* Properties */,
			);
			path = Enums;
			sourceTree = "<group>";
		};
		E99AB55714C5B8C600F08070 /* Properties */ = {
			isa = PBXGroup;
			children = (
				E9BFC3E814D16FBC00427507 /* Player.h */,
				E99AB55914C5B8C600F08070 /* Room.h */,
			);
			path = Properties;
			sourceTree = "<group>";
		};
		E99AB56C14C5B8D700F08070 /* src */ = {
			isa = PBXGroup;
			children = (
				E99AB56E14C5B8D700F08070 /* LoadBalancingClient.cpp */,
				E99AB56F14C5B8D700F08070 /* LoadBalancingPeer.cpp */,
				E9BFC3E414D16F9300427507 /* LoadBalancingPlayer.cpp */,
				E99AB57014C5B8D700F08070 /* LoadBalancingRoom.cpp */,
			);
			path = src;
			sourceTree = "<group>";
		};
/* End PBXGroup section */

/* Begin PBXHeadersBuildPhase section */
		E99AB53B14C5B84300F08070 /* Headers */ = {
			isa = PBXHeadersBuildPhase;
			buildActionMask = 2147483647;
			files = (
				E99AB55F14C5B8C600F08070 /* ErrorCode.h in Headers */,
				E99AB56014C5B8C600F08070 /* PeerStates.h in Headers */,
				E99AB56114C5B8C600F08070 /* EventCode.h in Headers */,
				E99AB56214C5B8C600F08070 /* JoinType.h in Headers */,
				E99AB56314C5B8C600F08070 /* OperationCode.h in Headers */,
				E99AB56414C5B8C600F08070 /* ParameterCode.h in Headers */,
				E99AB56614C5B8C600F08070 /* Room.h in Headers */,
				E99AB56814C5B8C600F08070 /* LoadBalancingClient.h in Headers */,
				E99AB56914C5B8C600F08070 /* LoadBalancingListener.h in Headers */,
				E99AB56A14C5B8C600F08070 /* LoadBalancingPeer.h in Headers */,
				E99AB56B14C5B8C600F08070 /* LoadBalancingRoom.h in Headers */,
				E9BFC3E714D16FA300427507 /* LoadBalancingPlayer.h in Headers */,
				E9BFC3E914D16FBC00427507 /* Player.h in Headers */,
			);
			runOnlyForDeploymentPostprocessing = 0;
		};
		E99AB57714C5B90900F08070 /* Headers */ = {
			isa = PBXHeadersBuildPhase;
			buildActionMask = 2147483647;
			files = (
				E99AB5A814C5C40F00F08070 /* ErrorCode.h in Headers */,
				E99AB5A914C5C40F00F08070 /* PeerStates.h in Headers */,
				E99AB5AA14C5C40F00F08070 /* EventCode.h in Headers */,
				E99AB5AB14C5C40F00F08070 /* JoinType.h in Headers */,
				E99AB5AC14C5C40F00F08070 /* OperationCode.h in Headers */,
				E99AB5AD14C5C40F00F08070 /* ParameterCode.h in Headers */,
				E99AB5AF14C5C40F00F08070 /* Room.h in Headers */,
				E99AB5B114C5C40F00F08070 /* LoadBalancingClient.h in Headers */,
				E99AB5B214C5C40F00F08070 /* LoadBalancingListener.h in Headers */,
				E99AB5B314C5C40F00F08070 /* LoadBalancingPeer.h in Headers */,
				E99AB5B414C5C40F00F08070 /* LoadBalancingRoom.h in Headers */,
			);
			runOnlyForDeploymentPostprocessing = 0;
		};
/* End PBXHeadersBuildPhase section */

/* Begin PBXNativeTarget section */
		E99AB53C14C5B84300F08070 /* LoadBalancing-cpp-iphone */ = {
			isa = PBXNativeTarget;
			buildConfigurationList = E99AB54A14C5B84300F08070 /* Build configuration list for PBXNativeTarget "LoadBalancing-cpp-iphone" */;
			buildPhases = (
				E99AB53914C5B84300F08070 /* Sources */,
				E99AB53A14C5B84300F08070 /* Frameworks */,
				E99AB53B14C5B84300F08070 /* Headers */,
			);
			buildRules = (
			);
			dependencies = (
			);
			name = "LoadBalancing-cpp-iphone";
			productName = "LoadBalancing-cpp";
			productReference = E99AB53D14C5B84300F08070 /* libLoadBalancing-cpp_debug_iphoneos.a */;
			productType = "com.apple.product-type.library.static";
		};
		E99AB57814C5B90900F08070 /* LoadBalancing-cpp-macos */ = {
			isa = PBXNativeTarget;
			buildConfigurationList = E99AB58714C5B90900F08070 /* Build configuration list for PBXNativeTarget "LoadBalancing-cpp-macos" */;
			buildPhases = (
				E99AB57514C5B90900F08070 /* Sources */,
				E99AB57614C5B90900F08070 /* Frameworks */,
				E99AB57714C5B90900F08070 /* Headers */,
			);
			buildRules = (
			);
			dependencies = (
			);
			name = "LoadBalancing-cpp-macos";
			productName = "LoadBalancing-cpp-macos";
			productReference = E99AB57914C5B90900F08070 /* libLoadBalancing-cpp_debug_macosx.a */;
			productType = "com.apple.product-type.library.static";
		};
/* End PBXNativeTarget section */

/* Begin PBXProject section */
		E99AB53414C5B84300F08070 /* Project object */ = {
			isa = PBXProject;
			attributes = {
				LastUpgradeCheck = 0450;
			};
			buildConfigurationList = E99AB53714C5B84300F08070 /* Build configuration list for PBXProject "LoadBalancing-cpp" */;
			compatibilityVersion = "Xcode 3.2";
			developmentRegion = English;
			hasScannedForEncodings = 0;
			knownRegions = (
				en,
			);
			mainGroup = E99AB53214C5B84300F08070;
			productRefGroup = E99AB53E14C5B84300F08070 /* Products */;
			projectDirPath = "";
			projectRoot = "";
			targets = (
				E99AB53C14C5B84300F08070 /* LoadBalancing-cpp-iphone */,
				E99AB57814C5B90900F08070 /* LoadBalancing-cpp-macos */,
				E99AB59114C5BC8700F08070 /* build all */,
			);
		};
/* End PBXProject section */

/* Begin PBXSourcesBuildPhase section */
		E99AB53914C5B84300F08070 /* Sources */ = {
			isa = PBXSourcesBuildPhase;
			buildActionMask = 2147483647;
			files = (
				E99AB57214C5B8D700F08070 /* LoadBalancingClient.cpp in Sources */,
				E99AB57314C5B8D700F08070 /* LoadBalancingPeer.cpp in Sources */,
				E99AB57414C5B8D700F08070 /* LoadBalancingRoom.cpp in Sources */,
				E9BFC3E514D16F9300427507 /* LoadBalancingPlayer.cpp in Sources */,
			);
			runOnlyForDeploymentPostprocessing = 0;
		};
		E99AB57514C5B90900F08070 /* Sources */ = {
			isa = PBXSourcesBuildPhase;
			buildActionMask = 2147483647;
			files = (
				E9BFC47B14D1749600427507 /* LoadBalancingPlayer.cpp in Sources */,
				E99AB5B614C5C41A00F08070 /* LoadBalancingClient.cpp in Sources */,
				E99AB5B714C5C41A00F08070 /* LoadBalancingPeer.cpp in Sources */,
				E99AB5B814C5C41A00F08070 /* LoadBalancingRoom.cpp in Sources */,
			);
			runOnlyForDeploymentPostprocessing = 0;
		};
/* End PBXSourcesBuildPhase section */

/* Begin PBXTargetDependency section */
		E99AB5BA14C5C4F300F08070 /* PBXTargetDependency */ = {
			isa = PBXTargetDependency;
			target = E99AB53C14C5B84300F08070 /* LoadBalancing-cpp-iphone */;
			targetProxy = E99AB5B914C5C4F300F08070 /* PBXContainerItemProxy */;
		};
		E99AB5BC14C5C4F300F08070 /* PBXTargetDependency */ = {
			isa = PBXTargetDependency;
			target = E99AB57814C5B90900F08070 /* LoadBalancing-cpp-macos */;
			targetProxy = E99AB5BB14C5C4F300F08070 /* PBXContainerItemProxy */;
		};
/* End PBXTargetDependency section */

/* Begin XCBuildConfiguration section */
		E99AB54814C5B84300F08070 /* debug */ = {
			isa = XCBuildConfiguration;
			buildSettings = {
				ALWAYS_SEARCH_USER_PATHS = NO;
				CONFIGURATION_BUILD_DIR = lib;
				GCC_C_LANGUAGE_STANDARD = c99;
				GCC_OPTIMIZATION_LEVEL = 0;
				GCC_THUMB_SUPPORT = NO;
				GCC_WARN_ABOUT_MISSING_PROTOTYPES = YES;
				GCC_WARN_ABOUT_RETURN_TYPE = YES;
				GCC_WARN_UNUSED_VARIABLE = YES;
				HEADER_SEARCH_PATHS = (
					"inc/**",
					"../Photon-cpp/inc/**",
					"../Photon-c/inc/**",
					"../Common-cpp/inc/**",
					"../Common-c/inc/**",
				);
				INSTALL_PATH = /usr/local/lib;
				LIBRARY_SEARCH_PATHS = (
					"../Photon-cpp/lib",
					"../../Common-cpp/lib",
				);
				PRODUCT_NAME = "LoadBalancing-cpp_$(CONFIGURATION)_$(PLATFORM_NAME)";
				SDKROOT = iphoneos;
			};
			name = debug;
		};
		E99AB54914C5B84300F08070 /* release */ = {
			isa = XCBuildConfiguration;
			buildSettings = {
				ALWAYS_SEARCH_USER_PATHS = NO;
				CONFIGURATION_BUILD_DIR = lib;
				GCC_C_LANGUAGE_STANDARD = c99;
				GCC_THUMB_SUPPORT = NO;
				GCC_WARN_ABOUT_MISSING_PROTOTYPES = YES;
				GCC_WARN_ABOUT_RETURN_TYPE = YES;
				GCC_WARN_UNUSED_VARIABLE = YES;
				HEADER_SEARCH_PATHS = (
					"inc/**",
					"../Photon-cpp/inc/**",
					"../Photon-c/inc/**",
					"../Common-cpp/inc/**",
					"../Common-c/inc/**",
				);
				INSTALL_PATH = /usr/local/lib;
				LIBRARY_SEARCH_PATHS = (
					"../Photon-cpp/lib",
					"../../Common-cpp/lib",
				);
				PRODUCT_NAME = "LoadBalancing-cpp_$(CONFIGURATION)_$(PLATFORM_NAME)";
				SDKROOT = iphoneos;
			};
			name = release;
		};
		E99AB54B14C5B84300F08070 /* debug */ = {
			isa = XCBuildConfiguration;
			buildSettings = {
				DSTROOT = /tmp/LoadBalancing_cpp.dst;
				GCC_PRECOMPILE_PREFIX_HEADER = YES;
				GCC_PREFIX_HEADER = "";
				GCC_PREPROCESSOR_DEFINITIONS = (
					_EG_IPHONE_PLATFORM,
					EG_DEBUGGER,
				);
				GCC_THUMB_SUPPORT = NO;
				LIBRARY_SEARCH_PATHS = (
					"$(inherited)",
					"\"$(SRCROOT)/../lib\"",
				);
				OTHER_LDFLAGS = "-ObjC";
				PRODUCT_NAME = "LoadBalancing-cpp_$(CONFIGURATION)_$(PLATFORM_NAME)";
				SKIP_INSTALL = YES;
			};
			name = debug;
		};
		E99AB54C14C5B84300F08070 /* release */ = {
			isa = XCBuildConfiguration;
			buildSettings = {
				DSTROOT = /tmp/LoadBalancing_cpp.dst;
				GCC_PRECOMPILE_PREFIX_HEADER = YES;
				GCC_PREFIX_HEADER = "";
				GCC_PREPROCESSOR_DEFINITIONS = _EG_IPHONE_PLATFORM;
				GCC_THUMB_SUPPORT = NO;
				LIBRARY_SEARCH_PATHS = (
					"$(inherited)",
					"\"$(SRCROOT)/../lib\"",
				);
				OTHER_LDFLAGS = "-ObjC";
				PRODUCT_NAME = "LoadBalancing-cpp_$(CONFIGURATION)_$(PLATFORM_NAME)";
				SKIP_INSTALL = YES;
			};
			name = release;
		};
		E99AB58814C5B90900F08070 /* debug */ = {
			isa = XCBuildConfiguration;
			buildSettings = {
				ARCHS = "$(ARCHS_STANDARD_32_64_BIT)";
				COMBINE_HIDPI_IMAGES = YES;
				COPY_PHASE_STRIP = YES;
				DEBUG_INFORMATION_FORMAT = dwarf;
				FRAMEWORK_SEARCH_PATHS = (
					"$(inherited)",
					"\"$(DEVELOPER_FRAMEWORKS_DIR)\"",
				);
				GCC_ENABLE_OBJC_EXCEPTIONS = YES;
				GCC_PRECOMPILE_PREFIX_HEADER = YES;
				GCC_PREFIX_HEADER = "";
				GCC_PREPROCESSOR_DEFINITIONS = (
					_EG_IMAC_PLATFORM,
					EG_DEBUGGER,
				);
				GCC_WARN_64_TO_32_BIT_CONVERSION = YES;
				MACOSX_DEPLOYMENT_TARGET = 10.5;
				ONLY_ACTIVE_ARCH = YES;
				PRODUCT_NAME = "LoadBalancing-cpp_$(CONFIGURATION)_$(PLATFORM_NAME)";
				SDKROOT = macosx;
			};
			name = debug;
		};
		E99AB58914C5B90900F08070 /* release */ = {
			isa = XCBuildConfiguration;
			buildSettings = {
				ARCHS = "$(ARCHS_STANDARD_32_64_BIT)";
				COMBINE_HIDPI_IMAGES = YES;
				COPY_PHASE_STRIP = YES;
				DEBUG_INFORMATION_FORMAT = dwarf;
				FRAMEWORK_SEARCH_PATHS = (
					"$(inherited)",
					"\"$(DEVELOPER_FRAMEWORKS_DIR)\"",
				);
				GCC_ENABLE_OBJC_EXCEPTIONS = YES;
				GCC_PRECOMPILE_PREFIX_HEADER = YES;
				GCC_PREFIX_HEADER = "";
				GCC_PREPROCESSOR_DEFINITIONS = _EG_IMAC_PLATFORM;
				GCC_WARN_64_TO_32_BIT_CONVERSION = YES;
				MACOSX_DEPLOYMENT_TARGET = 10.5;
				PRODUCT_NAME = "LoadBalancing-cpp_$(CONFIGURATION)_$(PLATFORM_NAME)";
				SDKROOT = macosx;
			};
			name = release;
		};
		E99AB59314C5BC8700F08070 /* debug */ = {
			isa = XCBuildConfiguration;
			buildSettings = {
				GCC_THUMB_SUPPORT = NO;
				PRODUCT_NAME = "LoadBalancing-cpp_$(CONFIGURATION)_$(PLATFORM_NAME)";
			};
			name = debug;
		};
		E99AB59414C5BC8700F08070 /* release */ = {
			isa = XCBuildConfiguration;
			buildSettings = {
				GCC_THUMB_SUPPORT = NO;
				PRODUCT_NAME = "LoadBalancing-cpp_$(CONFIGURATION)_$(PLATFORM_NAME)";
			};
			name = release;
		};
/* End XCBuildConfiguration section */

/* Begin XCConfigurationList section */
		E99AB53714C5B84300F08070 /* Build configuration list for PBXProject "LoadBalancing-cpp" */ = {
			isa = XCConfigurationList;
			buildConfigurations = (
				E99AB54814C5B84300F08070 /* debug */,
				E99AB54914C5B84300F08070 /* release */,
			);
			defaultConfigurationIsVisible = 0;
			defaultConfigurationName = release;
		};
		E99AB54A14C5B84300F08070 /* Build configuration list for PBXNativeTarget "LoadBalancing-cpp-iphone" */ = {
			isa = XCConfigurationList;
			buildConfigurations = (
				E99AB54B14C5B84300F08070 /* debug */,
				E99AB54C14C5B84300F08070 /* release */,
			);
			defaultConfigurationIsVisible = 0;
			defaultConfigurationName = release;
		};
		E99AB58714C5B90900F08070 /* Build configuration list for PBXNativeTarget "LoadBalancing-cpp-macos" */ = {
			isa = XCConfigurationList;
			buildConfigurations = (
				E99AB58814C5B90900F08070 /* debug */,
				E99AB58914C5B90900F08070 /* release */,
			);
			defaultConfigurationIsVisible = 0;
			defaultConfigurationName = release;
		};
		E99AB59214C5BC8700F08070 /* Build configuration list for PBXAggregateTarget "build all" */ = {
			isa = XCConfigurationList;
			buildConfigurations = (
				E99AB59314C5BC8700F08070 /* debug */,
				E99AB59414C5BC8700F08070 /* release */,
			);
			defaultConfigurationIsVisible = 0;
			defaultConfigurationName = release;
		};
/* End XCConfigurationList section */
	};
	rootObject = E99AB53414C5B84300F08070 /* Project object */;
}
