// !$*UTF8*$!
{
	archiveVersion = 1;
	classes = {
	};
	objectVersion = 46;
	objects = {

/* Begin PBXAggregateTarget section */
		FCE23B6D0E9BDA5600F949F1 /* build all */ = {
			isa = PBXAggregateTarget;
			buildConfigurationList = FCE23B710E9BDA7D00F949F1 /* Build configuration list for PBXAggregateTarget "build all" */;
			buildPhases = (
			);
			dependencies = (
				FCE23B7B0E9BDA8A00F949F1 /* PBXTargetDependency */,
				FCE23B790E9BDA8A00F949F1 /* PBXTargetDependency */,
			);
			name = "build all";
			productName = "build all";
		};
/* End PBXAggregateTarget section */

/* Begin PBXBuildFile section */
		84905E6314F51F8B002E3326 /* ErrorCode.h in Headers */ = {isa = PBXBuildFile; fileRef = 84905E5014F51F8B002E3326 /* ErrorCode.h */; };
		84905E6414F51F8B002E3326 /* ErrorCode.h in Headers */ = {isa = PBXBuildFile; fileRef = 84905E5014F51F8B002E3326 /* ErrorCode.h */; };
		84905E6514F51F8B002E3326 /* PeerStates.h in Headers */ = {isa = PBXBuildFile; fileRef = 84905E5114F51F8B002E3326 /* PeerStates.h */; };
		84905E6614F51F8B002E3326 /* PeerStates.h in Headers */ = {isa = PBXBuildFile; fileRef = 84905E5114F51F8B002E3326 /* PeerStates.h */; };
		84905E6714F51F8B002E3326 /* EventCode.h in Headers */ = {isa = PBXBuildFile; fileRef = 84905E5414F51F8B002E3326 /* EventCode.h */; };
		84905E6814F51F8B002E3326 /* EventCode.h in Headers */ = {isa = PBXBuildFile; fileRef = 84905E5414F51F8B002E3326 /* EventCode.h */; };
		84905E6914F51F8B002E3326 /* JoinType.h in Headers */ = {isa = PBXBuildFile; fileRef = 84905E5514F51F8B002E3326 /* JoinType.h */; };
		84905E6A14F51F8B002E3326 /* JoinType.h in Headers */ = {isa = PBXBuildFile; fileRef = 84905E5514F51F8B002E3326 /* JoinType.h */; };
		84905E6B14F51F8B002E3326 /* OperationCode.h in Headers */ = {isa = PBXBuildFile; fileRef = 84905E5614F51F8B002E3326 /* OperationCode.h */; };
		84905E6C14F51F8B002E3326 /* OperationCode.h in Headers */ = {isa = PBXBuildFile; fileRef = 84905E5614F51F8B002E3326 /* OperationCode.h */; };
		84905E6D14F51F8B002E3326 /* ParameterCode.h in Headers */ = {isa = PBXBuildFile; fileRef = 84905E5714F51F8B002E3326 /* ParameterCode.h */; };
		84905E6E14F51F8B002E3326 /* ParameterCode.h in Headers */ = {isa = PBXBuildFile; fileRef = 84905E5714F51F8B002E3326 /* ParameterCode.h */; };
		84905E6F14F51F8B002E3326 /* Player.h in Headers */ = {isa = PBXBuildFile; fileRef = 84905E5914F51F8B002E3326 /* Player.h */; };
		84905E7014F51F8B002E3326 /* Player.h in Headers */ = {isa = PBXBuildFile; fileRef = 84905E5914F51F8B002E3326 /* Player.h */; };
		84905E7114F51F8B002E3326 /* Room.h in Headers */ = {isa = PBXBuildFile; fileRef = 84905E5A14F51F8B002E3326 /* Room.h */; };
		84905E7214F51F8B002E3326 /* Room.h in Headers */ = {isa = PBXBuildFile; fileRef = 84905E5A14F51F8B002E3326 /* Room.h */; };
		84905E7314F51F8B002E3326 /* LoadBalancingPeer+Internal.h in Headers */ = {isa = PBXBuildFile; fileRef = 84905E5B14F51F8B002E3326 /* LoadBalancingPeer+Internal.h */; };
		84905E7414F51F8B002E3326 /* LoadBalancingPeer+Internal.h in Headers */ = {isa = PBXBuildFile; fileRef = 84905E5B14F51F8B002E3326 /* LoadBalancingPeer+Internal.h */; };
		84905E7514F51F8B002E3326 /* LoadBalancingPlayer+Internal.h in Headers */ = {isa = PBXBuildFile; fileRef = 84905E5C14F51F8B002E3326 /* LoadBalancingPlayer+Internal.h */; };
		84905E7614F51F8B002E3326 /* LoadBalancingPlayer+Internal.h in Headers */ = {isa = PBXBuildFile; fileRef = 84905E5C14F51F8B002E3326 /* LoadBalancingPlayer+Internal.h */; };
		84905E7714F51F8B002E3326 /* LoadBalancingRoom+Internal.h in Headers */ = {isa = PBXBuildFile; fileRef = 84905E5D14F51F8B002E3326 /* LoadBalancingRoom+Internal.h */; };
		84905E7814F51F8B002E3326 /* LoadBalancingRoom+Internal.h in Headers */ = {isa = PBXBuildFile; fileRef = 84905E5D14F51F8B002E3326 /* LoadBalancingRoom+Internal.h */; };
		84905E7914F51F8B002E3326 /* LoadBalancingClient.h in Headers */ = {isa = PBXBuildFile; fileRef = 84905E5E14F51F8B002E3326 /* LoadBalancingClient.h */; };
		84905E7A14F51F8B002E3326 /* LoadBalancingClient.h in Headers */ = {isa = PBXBuildFile; fileRef = 84905E5E14F51F8B002E3326 /* LoadBalancingClient.h */; };
		84905E7B14F51F8B002E3326 /* LoadBalancingListener.h in Headers */ = {isa = PBXBuildFile; fileRef = 84905E5F14F51F8B002E3326 /* LoadBalancingListener.h */; };
		84905E7C14F51F8B002E3326 /* LoadBalancingListener.h in Headers */ = {isa = PBXBuildFile; fileRef = 84905E5F14F51F8B002E3326 /* LoadBalancingListener.h */; };
		84905E7D14F51F8B002E3326 /* LoadBalancingPeer.h in Headers */ = {isa = PBXBuildFile; fileRef = 84905E6014F51F8B002E3326 /* LoadBalancingPeer.h */; };
		84905E7E14F51F8B002E3326 /* LoadBalancingPeer.h in Headers */ = {isa = PBXBuildFile; fileRef = 84905E6014F51F8B002E3326 /* LoadBalancingPeer.h */; };
		84905E7F14F51F8B002E3326 /* LoadBalancingPlayer.h in Headers */ = {isa = PBXBuildFile; fileRef = 84905E6114F51F8B002E3326 /* LoadBalancingPlayer.h */; };
		84905E8014F51F8B002E3326 /* LoadBalancingPlayer.h in Headers */ = {isa = PBXBuildFile; fileRef = 84905E6114F51F8B002E3326 /* LoadBalancingPlayer.h */; };
		84905E8114F51F8B002E3326 /* LoadBalancingRoom.h in Headers */ = {isa = PBXBuildFile; fileRef = 84905E6214F51F8B002E3326 /* LoadBalancingRoom.h */; };
		84905E8214F51F8B002E3326 /* LoadBalancingRoom.h in Headers */ = {isa = PBXBuildFile; fileRef = 84905E6214F51F8B002E3326 /* LoadBalancingRoom.h */; };
		84905E8714F51F9D002E3326 /* LoadBalancingClient.mm in Sources */ = {isa = PBXBuildFile; fileRef = 84905E8314F51F9D002E3326 /* LoadBalancingClient.mm */; };
		84905E8814F51F9D002E3326 /* LoadBalancingClient.mm in Sources */ = {isa = PBXBuildFile; fileRef = 84905E8314F51F9D002E3326 /* LoadBalancingClient.mm */; };
		84905E8914F51F9D002E3326 /* LoadBalancingPeer.mm in Sources */ = {isa = PBXBuildFile; fileRef = 84905E8414F51F9D002E3326 /* LoadBalancingPeer.mm */; };
		84905E8A14F51F9D002E3326 /* LoadBalancingPeer.mm in Sources */ = {isa = PBXBuildFile; fileRef = 84905E8414F51F9D002E3326 /* LoadBalancingPeer.mm */; };
		84905E8B14F51F9D002E3326 /* LoadBalancingPlayer.mm in Sources */ = {isa = PBXBuildFile; fileRef = 84905E8514F51F9D002E3326 /* LoadBalancingPlayer.mm */; };
		84905E8C14F51F9D002E3326 /* LoadBalancingPlayer.mm in Sources */ = {isa = PBXBuildFile; fileRef = 84905E8514F51F9D002E3326 /* LoadBalancingPlayer.mm */; };
		84905E8D14F51F9D002E3326 /* LoadBalancingRoom.mm in Sources */ = {isa = PBXBuildFile; fileRef = 84905E8614F51F9D002E3326 /* LoadBalancingRoom.mm */; };
		84905E8E14F51F9D002E3326 /* LoadBalancingRoom.mm in Sources */ = {isa = PBXBuildFile; fileRef = 84905E8614F51F9D002E3326 /* LoadBalancingRoom.mm */; };
/* End PBXBuildFile section */

/* Begin PBXContainerItemProxy section */
		FCE23B780E9BDA8A00F949F1 /* PBXContainerItemProxy */ = {
			isa = PBXContainerItemProxy;
			containerPortal = 08FB7793FE84155DC02AAC07 /* Project object */;
			proxyType = 1;
			remoteGlobalIDString = FCE239C60E9BC5CF00F949F1;
			remoteInfo = "neutron iMac";
		};
		FCE23B7A0E9BDA8A00F949F1 /* PBXContainerItemProxy */ = {
			isa = PBXContainerItemProxy;
			containerPortal = 08FB7793FE84155DC02AAC07 /* Project object */;
			proxyType = 1;
			remoteGlobalIDString = FCE239990E9BC5CB00F949F1;
			remoteInfo = neutron_iPhone_device;
		};
/* End PBXContainerItemProxy section */

/* Begin PBXFileReference section */
		84905E5014F51F8B002E3326 /* ErrorCode.h */ = {isa = PBXFileReference; fileEncoding = 4; lastKnownFileType = sourcecode.c.h; path = ErrorCode.h; sourceTree = "<group>"; };
		84905E5114F51F8B002E3326 /* PeerStates.h */ = {isa = PBXFileReference; fileEncoding = 4; lastKnownFileType = sourcecode.c.h; path = PeerStates.h; sourceTree = "<group>"; };
		84905E5414F51F8B002E3326 /* EventCode.h */ = {isa = PBXFileReference; fileEncoding = 4; lastKnownFileType = sourcecode.c.h; path = EventCode.h; sourceTree = "<group>"; };
		84905E5514F51F8B002E3326 /* JoinType.h */ = {isa = PBXFileReference; fileEncoding = 4; lastKnownFileType = sourcecode.c.h; path = JoinType.h; sourceTree = "<group>"; };
		84905E5614F51F8B002E3326 /* OperationCode.h */ = {isa = PBXFileReference; fileEncoding = 4; lastKnownFileType = sourcecode.c.h; path = OperationCode.h; sourceTree = "<group>"; };
		84905E5714F51F8B002E3326 /* ParameterCode.h */ = {isa = PBXFileReference; fileEncoding = 4; lastKnownFileType = sourcecode.c.h; path = ParameterCode.h; sourceTree = "<group>"; };
		84905E5914F51F8B002E3326 /* Player.h */ = {isa = PBXFileReference; fileEncoding = 4; lastKnownFileType = sourcecode.c.h; path = Player.h; sourceTree = "<group>"; };
		84905E5A14F51F8B002E3326 /* Room.h */ = {isa = PBXFileReference; fileEncoding = 4; lastKnownFileType = sourcecode.c.h; path = Room.h; sourceTree = "<group>"; };
		84905E5B14F51F8B002E3326 /* LoadBalancingPeer+Internal.h */ = {isa = PBXFileReference; fileEncoding = 4; lastKnownFileType = sourcecode.c.h; path = "LoadBalancingPeer+Internal.h"; sourceTree = "<group>"; };
		84905E5C14F51F8B002E3326 /* LoadBalancingPlayer+Internal.h */ = {isa = PBXFileReference; fileEncoding = 4; lastKnownFileType = sourcecode.c.h; path = "LoadBalancingPlayer+Internal.h"; sourceTree = "<group>"; };
		84905E5D14F51F8B002E3326 /* LoadBalancingRoom+Internal.h */ = {isa = PBXFileReference; fileEncoding = 4; lastKnownFileType = sourcecode.c.h; path = "LoadBalancingRoom+Internal.h"; sourceTree = "<group>"; };
		84905E5E14F51F8B002E3326 /* LoadBalancingClient.h */ = {isa = PBXFileReference; fileEncoding = 4; lastKnownFileType = sourcecode.c.h; name = LoadBalancingClient.h; path = inc/LoadBalancingClient.h; sourceTree = SOURCE_ROOT; };
		84905E5F14F51F8B002E3326 /* LoadBalancingListener.h */ = {isa = PBXFileReference; fileEncoding = 4; lastKnownFileType = sourcecode.c.h; name = LoadBalancingListener.h; path = inc/LoadBalancingListener.h; sourceTree = SOURCE_ROOT; };
		84905E6014F51F8B002E3326 /* LoadBalancingPeer.h */ = {isa = PBXFileReference; fileEncoding = 4; lastKnownFileType = sourcecode.c.h; name = LoadBalancingPeer.h; path = inc/LoadBalancingPeer.h; sourceTree = SOURCE_ROOT; };
		84905E6114F51F8B002E3326 /* LoadBalancingPlayer.h */ = {isa = PBXFileReference; fileEncoding = 4; lastKnownFileType = sourcecode.c.h; name = LoadBalancingPlayer.h; path = inc/LoadBalancingPlayer.h; sourceTree = SOURCE_ROOT; };
		84905E6214F51F8B002E3326 /* LoadBalancingRoom.h */ = {isa = PBXFileReference; fileEncoding = 4; lastKnownFileType = sourcecode.c.h; name = LoadBalancingRoom.h; path = inc/LoadBalancingRoom.h; sourceTree = SOURCE_ROOT; };
		84905E8314F51F9D002E3326 /* LoadBalancingClient.mm */ = {isa = PBXFileReference; fileEncoding = 4; lastKnownFileType = sourcecode.cpp.objcpp; name = LoadBalancingClient.mm; path = src/LoadBalancingClient.mm; sourceTree = "<group>"; };
		84905E8414F51F9D002E3326 /* LoadBalancingPeer.mm */ = {isa = PBXFileReference; fileEncoding = 4; lastKnownFileType = sourcecode.cpp.objcpp; name = LoadBalancingPeer.mm; path = src/LoadBalancingPeer.mm; sourceTree = "<group>"; };
		84905E8514F51F9D002E3326 /* LoadBalancingPlayer.mm */ = {isa = PBXFileReference; fileEncoding = 4; lastKnownFileType = sourcecode.cpp.objcpp; name = LoadBalancingPlayer.mm; path = src/LoadBalancingPlayer.mm; sourceTree = "<group>"; };
		84905E8614F51F9D002E3326 /* LoadBalancingRoom.mm */ = {isa = PBXFileReference; fileEncoding = 4; lastKnownFileType = sourcecode.cpp.objcpp; name = LoadBalancingRoom.mm; path = src/LoadBalancingRoom.mm; sourceTree = "<group>"; };
		FC781CA01346199B0052C26D /* libLoadBalancing-objc_debug_iphoneos.a */ = {isa = PBXFileReference; explicitFileType = archive.ar; includeInIndex = 0; path = "libLoadBalancing-objc_debug_iphoneos.a"; sourceTree = BUILT_PRODUCTS_DIR; };
		FC781CA11346199B0052C26D /* libLoadBalancing-objc_debug_macosx.a */ = {isa = PBXFileReference; explicitFileType = archive.ar; includeInIndex = 0; path = "libLoadBalancing-objc_debug_macosx.a"; sourceTree = BUILT_PRODUCTS_DIR; };
/* End PBXFileReference section */

/* Begin PBXFrameworksBuildPhase section */
		FCE239BA0E9BC5CB00F949F1 /* Frameworks */ = {
			isa = PBXFrameworksBuildPhase;
			buildActionMask = 2147483647;
			files = (
			);
			runOnlyForDeploymentPostprocessing = 0;
		};
		FCE239E70E9BC5CF00F949F1 /* Frameworks */ = {
			isa = PBXFrameworksBuildPhase;
			buildActionMask = 2147483647;
			files = (
			);
			runOnlyForDeploymentPostprocessing = 0;
		};
/* End PBXFrameworksBuildPhase section */

/* Begin PBXGroup section */
		08FB7794FE84155DC02AAC07 /* egn_neutron */ = {
			isa = PBXGroup;
			children = (
				B3CAEE3C1150F8A900E68F51 /* Source */,
				B3CAEE451150F91400E68F51 /* Headers */,
				FC781CA01346199B0052C26D /* libLoadBalancing-objc_debug_iphoneos.a */,
				FC781CA11346199B0052C26D /* libLoadBalancing-objc_debug_macosx.a */,
			);
			name = egn_neutron;
			sourceTree = "<group>";
		};
		84905E4F14F51F8B002E3326 /* Enums */ = {
			isa = PBXGroup;
			children = (
				84905E5014F51F8B002E3326 /* ErrorCode.h */,
				84905E5114F51F8B002E3326 /* PeerStates.h */,
			);
			name = Enums;
			path = inc/Enums;
			sourceTree = SOURCE_ROOT;
		};
		84905E5214F51F8B002E3326 /* Internal */ = {
			isa = PBXGroup;
			children = (
				84905E5314F51F8B002E3326 /* Enums */,
				84905E5B14F51F8B002E3326 /* LoadBalancingPeer+Internal.h */,
				84905E5C14F51F8B002E3326 /* LoadBalancingPlayer+Internal.h */,
				84905E5D14F51F8B002E3326 /* LoadBalancingRoom+Internal.h */,
			);
			name = Internal;
			path = inc/Internal;
			sourceTree = SOURCE_ROOT;
		};
		84905E5314F51F8B002E3326 /* Enums */ = {
			isa = PBXGroup;
			children = (
				84905E5414F51F8B002E3326 /* EventCode.h */,
				84905E5514F51F8B002E3326 /* JoinType.h */,
				84905E5614F51F8B002E3326 /* OperationCode.h */,
				84905E5714F51F8B002E3326 /* ParameterCode.h */,
				84905E5814F51F8B002E3326 /* Properties */,
			);
			path = Enums;
			sourceTree = "<group>";
		};
		84905E5814F51F8B002E3326 /* Properties */ = {
			isa = PBXGroup;
			children = (
				84905E5914F51F8B002E3326 /* Player.h */,
				84905E5A14F51F8B002E3326 /* Room.h */,
			);
			path = Properties;
			sourceTree = "<group>";
		};
		B3CAEE3C1150F8A900E68F51 /* Source */ = {
			isa = PBXGroup;
			children = (
				84905E8314F51F9D002E3326 /* LoadBalancingClient.mm */,
				84905E8414F51F9D002E3326 /* LoadBalancingPeer.mm */,
				84905E8514F51F9D002E3326 /* LoadBalancingPlayer.mm */,
				84905E8614F51F9D002E3326 /* LoadBalancingRoom.mm */,
			);
			name = Source;
			sourceTree = "<group>";
		};
		B3CAEE451150F91400E68F51 /* Headers */ = {
			isa = PBXGroup;
			children = (
				84905E4F14F51F8B002E3326 /* Enums */,
				84905E5214F51F8B002E3326 /* Internal */,
				84905E5E14F51F8B002E3326 /* LoadBalancingClient.h */,
				84905E5F14F51F8B002E3326 /* LoadBalancingListener.h */,
				84905E6014F51F8B002E3326 /* LoadBalancingPeer.h */,
				84905E6114F51F8B002E3326 /* LoadBalancingPlayer.h */,
				84905E6214F51F8B002E3326 /* LoadBalancingRoom.h */,
			);
			name = Headers;
			path = ../inc;
			sourceTree = "<group>";
		};
/* End PBXGroup section */

/* Begin PBXHeadersBuildPhase section */
		FCE2399A0E9BC5CB00F949F1 /* Headers */ = {
			isa = PBXHeadersBuildPhase;
			buildActionMask = 2147483647;
			files = (
				84905E6314F51F8B002E3326 /* ErrorCode.h in Headers */,
				84905E6514F51F8B002E3326 /* PeerStates.h in Headers */,
				84905E6714F51F8B002E3326 /* EventCode.h in Headers */,
				84905E6914F51F8B002E3326 /* JoinType.h in Headers */,
				84905E6B14F51F8B002E3326 /* OperationCode.h in Headers */,
				84905E6D14F51F8B002E3326 /* ParameterCode.h in Headers */,
				84905E6F14F51F8B002E3326 /* Player.h in Headers */,
				84905E7114F51F8B002E3326 /* Room.h in Headers */,
				84905E7314F51F8B002E3326 /* LoadBalancingPeer+Internal.h in Headers */,
				84905E7514F51F8B002E3326 /* LoadBalancingPlayer+Internal.h in Headers */,
				84905E7714F51F8B002E3326 /* LoadBalancingRoom+Internal.h in Headers */,
				84905E7914F51F8B002E3326 /* LoadBalancingClient.h in Headers */,
				84905E7B14F51F8B002E3326 /* LoadBalancingListener.h in Headers */,
				84905E7D14F51F8B002E3326 /* LoadBalancingPeer.h in Headers */,
				84905E7F14F51F8B002E3326 /* LoadBalancingPlayer.h in Headers */,
				84905E8114F51F8B002E3326 /* LoadBalancingRoom.h in Headers */,
			);
			runOnlyForDeploymentPostprocessing = 0;
		};
		FCE239C70E9BC5CF00F949F1 /* Headers */ = {
			isa = PBXHeadersBuildPhase;
			buildActionMask = 2147483647;
			files = (
				84905E6414F51F8B002E3326 /* ErrorCode.h in Headers */,
				84905E6614F51F8B002E3326 /* PeerStates.h in Headers */,
				84905E6814F51F8B002E3326 /* EventCode.h in Headers */,
				84905E6A14F51F8B002E3326 /* JoinType.h in Headers */,
				84905E6C14F51F8B002E3326 /* OperationCode.h in Headers */,
				84905E6E14F51F8B002E3326 /* ParameterCode.h in Headers */,
				84905E7014F51F8B002E3326 /* Player.h in Headers */,
				84905E7214F51F8B002E3326 /* Room.h in Headers */,
				84905E7414F51F8B002E3326 /* LoadBalancingPeer+Internal.h in Headers */,
				84905E7614F51F8B002E3326 /* LoadBalancingPlayer+Internal.h in Headers */,
				84905E7814F51F8B002E3326 /* LoadBalancingRoom+Internal.h in Headers */,
				84905E7A14F51F8B002E3326 /* LoadBalancingClient.h in Headers */,
				84905E7C14F51F8B002E3326 /* LoadBalancingListener.h in Headers */,
				84905E7E14F51F8B002E3326 /* LoadBalancingPeer.h in Headers */,
				84905E8014F51F8B002E3326 /* LoadBalancingPlayer.h in Headers */,
				84905E8214F51F8B002E3326 /* LoadBalancingRoom.h in Headers */,
			);
			runOnlyForDeploymentPostprocessing = 0;
		};
/* End PBXHeadersBuildPhase section */

/* Begin PBXNativeTarget section */
		FCE239990E9BC5CB00F949F1 /* LoadBalancing-objc-iphone */ = {
			isa = PBXNativeTarget;
			buildConfigurationList = FCE239BE0E9BC5CB00F949F1 /* Build configuration list for PBXNativeTarget "LoadBalancing-objc-iphone" */;
			buildPhases = (
				FCE2399A0E9BC5CB00F949F1 /* Headers */,
				FCE239AC0E9BC5CB00F949F1 /* Sources */,
				FCE239BA0E9BC5CB00F949F1 /* Frameworks */,
			);
			buildRules = (
			);
			dependencies = (
			);
			name = "LoadBalancing-objc-iphone";
			productName = egn_neutron;
			productReference = FC781CA01346199B0052C26D /* libLoadBalancing-objc_debug_iphoneos.a */;
			productType = "com.apple.product-type.library.static";
		};
		FCE239C60E9BC5CF00F949F1 /* LoadBalancing-objc-macos */ = {
			isa = PBXNativeTarget;
			buildConfigurationList = FCE239EB0E9BC5CF00F949F1 /* Build configuration list for PBXNativeTarget "LoadBalancing-objc-macos" */;
			buildPhases = (
				FCE239C70E9BC5CF00F949F1 /* Headers */,
				FCE239D90E9BC5CF00F949F1 /* Sources */,
				FCE239E70E9BC5CF00F949F1 /* Frameworks */,
			);
			buildRules = (
			);
			dependencies = (
			);
			name = "LoadBalancing-objc-macos";
			productName = egn_neutron;
			productReference = FC781CA11346199B0052C26D /* libLoadBalancing-objc_debug_macosx.a */;
			productType = "com.apple.product-type.library.static";
		};
/* End PBXNativeTarget section */

/* Begin PBXProject section */
		08FB7793FE84155DC02AAC07 /* Project object */ = {
			isa = PBXProject;
			attributes = {
				BuildIndependentTargetsInParallel = YES;
				LastUpgradeCheck = 0450;
			};
			buildConfigurationList = 1DEB91EF08733DB70010E9CD /* Build configuration list for PBXProject "LoadBalancing-objc" */;
			compatibilityVersion = "Xcode 3.2";
			developmentRegion = English;
			hasScannedForEncodings = 1;
			knownRegions = (
				English,
				Japanese,
				French,
				German,
			);
			mainGroup = 08FB7794FE84155DC02AAC07 /* egn_neutron */;
			productRefGroup = 08FB7794FE84155DC02AAC07 /* egn_neutron */;
			projectDirPath = "";
			projectRoot = "";
			targets = (
				FCE239990E9BC5CB00F949F1 /* LoadBalancing-objc-iphone */,
				FCE239C60E9BC5CF00F949F1 /* LoadBalancing-objc-macos */,
				FCE23B6D0E9BDA5600F949F1 /* build all */,
			);
		};
/* End PBXProject section */

/* Begin PBXSourcesBuildPhase section */
		FCE239AC0E9BC5CB00F949F1 /* Sources */ = {
			isa = PBXSourcesBuildPhase;
			buildActionMask = 2147483647;
			files = (
				84905E8714F51F9D002E3326 /* LoadBalancingClient.mm in Sources */,
				84905E8914F51F9D002E3326 /* LoadBalancingPeer.mm in Sources */,
				84905E8B14F51F9D002E3326 /* LoadBalancingPlayer.mm in Sources */,
				84905E8D14F51F9D002E3326 /* LoadBalancingRoom.mm in Sources */,
			);
			runOnlyForDeploymentPostprocessing = 0;
		};
		FCE239D90E9BC5CF00F949F1 /* Sources */ = {
			isa = PBXSourcesBuildPhase;
			buildActionMask = 2147483647;
			files = (
				84905E8814F51F9D002E3326 /* LoadBalancingClient.mm in Sources */,
				84905E8A14F51F9D002E3326 /* LoadBalancingPeer.mm in Sources */,
				84905E8C14F51F9D002E3326 /* LoadBalancingPlayer.mm in Sources */,
				84905E8E14F51F9D002E3326 /* LoadBalancingRoom.mm in Sources */,
			);
			runOnlyForDeploymentPostprocessing = 0;
		};
/* End PBXSourcesBuildPhase section */

/* Begin PBXTargetDependency section */
		FCE23B790E9BDA8A00F949F1 /* PBXTargetDependency */ = {
			isa = PBXTargetDependency;
			target = FCE239C60E9BC5CF00F949F1 /* LoadBalancing-objc-macos */;
			targetProxy = FCE23B780E9BDA8A00F949F1 /* PBXContainerItemProxy */;
		};
		FCE23B7B0E9BDA8A00F949F1 /* PBXTargetDependency */ = {
			isa = PBXTargetDependency;
			target = FCE239990E9BC5CB00F949F1 /* LoadBalancing-objc-iphone */;
			targetProxy = FCE23B7A0E9BDA8A00F949F1 /* PBXContainerItemProxy */;
		};
/* End PBXTargetDependency section */

/* Begin XCBuildConfiguration section */
		1DEB91F008733DB70010E9CD /* debug */ = {
			isa = XCBuildConfiguration;
			buildSettings = {
				ALWAYS_SEARCH_USER_PATHS = NO;
				CONFIGURATION_BUILD_DIR = lib;
				GCC_C_LANGUAGE_STANDARD = c99;
				GCC_MODEL_PPC64 = YES;
				GCC_MODEL_TUNING = G5;
				GCC_OPTIMIZATION_LEVEL = 0;
				GCC_THUMB_SUPPORT = NO;
				GCC_WARN_ABOUT_MISSING_PROTOTYPES = YES;
				GCC_WARN_ABOUT_RETURN_TYPE = YES;
				GCC_WARN_UNUSED_VARIABLE = YES;
				HEADER_SEARCH_PATHS = (
					"inc/**",
					"../Photon-objc/inc/**",
					"../Photon-c/inc/**",
					"../Common-objc/inc/**",
					"../Common-c/inc/**",
				);
				INSTALL_PATH = /usr/local/lib;
				LIBRARY_SEARCH_PATHS = (
					"../Photon-objc/lib",
					"../Common-objc/lib",
				);
				PRODUCT_NAME = "LoadBalancing-objc_$(CONFIGURATION)_$(PLATFORM_NAME)";
				SDKROOT = iphoneos;
				STANDARD_C_PLUS_PLUS_LIBRARY_TYPE = static;
			};
			name = debug;
		};
		1DEB91F108733DB70010E9CD /* release */ = {
			isa = XCBuildConfiguration;
			buildSettings = {
				ALWAYS_SEARCH_USER_PATHS = NO;
				CONFIGURATION_BUILD_DIR = lib;
				GCC_C_LANGUAGE_STANDARD = c99;
				GCC_MODEL_PPC64 = YES;
				GCC_MODEL_TUNING = G5;
				GCC_THUMB_SUPPORT = NO;
				GCC_WARN_ABOUT_MISSING_PROTOTYPES = YES;
				GCC_WARN_ABOUT_RETURN_TYPE = YES;
				GCC_WARN_UNUSED_VARIABLE = YES;
				HEADER_SEARCH_PATHS = (
					"inc/**",
					"../Photon-objc/inc/**",
					"../Photon-c/inc/**",
					"../Common-objc/inc/**",
					"../Common-c/inc/**",
				);
				INSTALL_PATH = /usr/local/lib;
				LIBRARY_SEARCH_PATHS = (
					"../Photon-objc/lib",
					"../Common-objc/lib",
				);
				PRODUCT_NAME = "LoadBalancing-objc_$(CONFIGURATION)_$(PLATFORM_NAME)";
				SDKROOT = iphoneos;
				STANDARD_C_PLUS_PLUS_LIBRARY_TYPE = static;
			};
			name = release;
		};
		FCE239BF0E9BC5CB00F949F1 /* debug */ = {
			isa = XCBuildConfiguration;
			buildSettings = {
				GCC_PREPROCESSOR_DEFINITIONS = (
					_EG_IPHONE_PLATFORM,
					EG_DEBUGGER,
				);
				GCC_THUMB_SUPPORT = NO;
			};
			name = debug;
		};
		FCE239C20E9BC5CB00F949F1 /* release */ = {
			isa = XCBuildConfiguration;
			buildSettings = {
				GCC_GENERATE_DEBUGGING_SYMBOLS = NO;
				GCC_PREPROCESSOR_DEFINITIONS = _EG_IPHONE_PLATFORM;
				GCC_THUMB_SUPPORT = NO;
			};
			name = release;
		};
		FCE239EC0E9BC5CF00F949F1 /* debug */ = {
			isa = XCBuildConfiguration;
			buildSettings = {
				ARCHS = "$(ARCHS_STANDARD_32_64_BIT)";
				COMBINE_HIDPI_IMAGES = YES;
				GCC_PREPROCESSOR_DEFINITIONS = (
					_EG_IMAC_PLATFORM,
					EG_DEBUGGER,
				);
				MACOSX_DEPLOYMENT_TARGET = 10.5;
				SDKROOT = macosx;
			};
			name = debug;
		};
		FCE239EF0E9BC5CF00F949F1 /* release */ = {
			isa = XCBuildConfiguration;
			buildSettings = {
				ARCHS = "$(ARCHS_STANDARD_32_64_BIT)";
				COMBINE_HIDPI_IMAGES = YES;
				GCC_GENERATE_DEBUGGING_SYMBOLS = NO;
				GCC_PREPROCESSOR_DEFINITIONS = _EG_IMAC_PLATFORM;
				MACOSX_DEPLOYMENT_TARGET = 10.5;
				SDKROOT = macosx;
			};
			name = release;
		};
		FCE23B6E0E9BDA5700F949F1 /* debug */ = {
			isa = XCBuildConfiguration;
			buildSettings = {
				GCC_THUMB_SUPPORT = NO;
			};
			name = debug;
		};
		FCE23B6F0E9BDA5700F949F1 /* release */ = {
			isa = XCBuildConfiguration;
			buildSettings = {
				GCC_THUMB_SUPPORT = NO;
			};
			name = release;
		};
/* End XCBuildConfiguration section */

/* Begin XCConfigurationList section */
		1DEB91EF08733DB70010E9CD /* Build configuration list for PBXProject "LoadBalancing-objc" */ = {
			isa = XCConfigurationList;
			buildConfigurations = (
				1DEB91F008733DB70010E9CD /* debug */,
				1DEB91F108733DB70010E9CD /* release */,
			);
			defaultConfigurationIsVisible = 0;
			defaultConfigurationName = release;
		};
		FCE239BE0E9BC5CB00F949F1 /* Build configuration list for PBXNativeTarget "LoadBalancing-objc-iphone" */ = {
			isa = XCConfigurationList;
			buildConfigurations = (
				FCE239BF0E9BC5CB00F949F1 /* debug */,
				FCE239C20E9BC5CB00F949F1 /* release */,
			);
			defaultConfigurationIsVisible = 0;
			defaultConfigurationName = release;
		};
		FCE239EB0E9BC5CF00F949F1 /* Build configuration list for PBXNativeTarget "LoadBalancing-objc-macos" */ = {
			isa = XCConfigurationList;
			buildConfigurations = (
				FCE239EC0E9BC5CF00F949F1 /* debug */,
				FCE239EF0E9BC5CF00F949F1 /* release */,
			);
			defaultConfigurationIsVisible = 0;
			defaultConfigurationName = release;
		};
		FCE23B710E9BDA7D00F949F1 /* Build configuration list for PBXAggregateTarget "build all" */ = {
			isa = XCConfigurationList;
			buildConfigurations = (
				FCE23B6E0E9BDA5700F949F1 /* debug */,
				FCE23B6F0E9BDA5700F949F1 /* release */,
			);
			defaultConfigurationIsVisible = 0;
			defaultConfigurationName = release;
		};
/* End XCConfigurationList section */
	};
	rootObject = 08FB7793FE84155DC02AAC07 /* Project object */;
}
